Microsoft Visual Studio Solution File, Format Version 12.00
# Visual Studio Version 17
VisualStudioVersion = 17.5.2.0
MinimumVisualStudioVersion = 10.0.40219.1
Project("{FAE04EC0-301F-11D3-BF4B-00C04F79EFBC}") = "shape-area-calculator", "shape-area-calculator.csproj", "{CA104386-BF1D-24D4-FC04-B9938FFB8A7B}"
EndProject
Global
	GlobalSection(SolutionConfigurationPlatforms) = preSolution
		Debug|Any CPU = Debug|Any CPU
		Release|Any CPU = Release|Any CPU
	EndGlobalSection
	GlobalSection(ProjectConfigurationPlatforms) = postSolution
		{CA104386-BF1D-24D4-FC04-B9938FFB8A7B}.Debug|Any CPU.ActiveCfg = Debug|Any CPU
		{CA104386-BF1D-24D4-FC04-B9938FFB8A7B}.Debug|Any CPU.Build.0 = Debug|Any CPU
		{CA104386-BF1D-24D4-FC04-B9938FFB8A7B}.Release|Any CPU.ActiveCfg = Release|Any CPU
		{CA104386-BF1D-24D4-FC04-B9938FFB8A7B}.Release|Any CPU.Build.0 = Release|Any CPU
	EndGlobalSection
	GlobalSection(SolutionProperties) = preSolution
		HideSolutionNode = FALSE
	EndGlobalSection
	GlobalSection(ExtensibilityGlobals) = postSolution
		SolutionGuid = {BE28622B-5113-4A16-A699-D7A7F7049EAA}
	EndGlobalSection
EndGlobal
